
Microsoft Visual Studio Solution File, Format Version 12.00
# Visual Studio Version 17
VisualStudioVersion = 17.4.33110.190
MinimumVisualStudioVersion = 10.0.40219.1
Project("{FAE04EC0-301F-11D3-BF4B-00C04F79EFBC}") = "lab3", "lab3\lab3.csproj", "{4C99C4EE-DB77-4C8F-9014-DBF151A18E0B}"
EndProject
Global
	GlobalSection(SolutionConfigurationPlatforms) = preSolution
		Debug|Any CPU = Debug|Any CPU
		Release|Any CPU = Release|Any CPU
	EndGlobalSection
	GlobalSection(ProjectConfigurationPlatforms) = postSolution
		{4C99C4EE-DB77-4C8F-9014-DBF151A18E0B}.Debug|Any CPU.ActiveCfg = Debug|Any CPU
		{4C99C4EE-DB77-4C8F-9014-DBF151A18E0B}.Debug|Any CPU.Build.0 = Debug|Any CPU
		{4C99C4EE-DB77-4C8F-9014-DBF151A18E0B}.Release|Any CPU.ActiveCfg = Release|Any CPU
		{4C99C4EE-DB77-4C8F-9014-DBF151A18E0B}.Release|Any CPU.Build.0 = Release|Any CPU
	EndGlobalSection
	GlobalSection(SolutionProperties) = preSolution
		HideSolutionNode = FALSE
	EndGlobalSection
	GlobalSection(ExtensibilityGlobals) = postSolution
		SolutionGuid = {696CF09A-8918-438A-9178-634096E827C3}
	EndGlobalSection
EndGlobal
